
Microsoft Visual Studio Solution File, Format Version 12.00
# Visual Studio 15
VisualStudioVersion = 15.0.27703.2042
MinimumVisualStudioVersion = 10.0.40219.1
Project("{FAE04EC0-301F-11D3-BF4B-00C04F79EFBC}") = "neuron", "neuron\neuron.csproj", "{2052CCC6-919B-4595-AE31-1AB5D0D4C05D}"
EndProject
Global
	GlobalSection(SolutionConfigurationPlatforms) = preSolution
		Debug|Any CPU = Debug|Any CPU
		Release|Any CPU = Release|Any CPU
	EndGlobalSection
	GlobalSection(ProjectConfigurationPlatforms) = postSolution
		{2052CCC6-919B-4595-AE31-1AB5D0D4C05D}.Debug|Any CPU.ActiveCfg = Debug|Any CPU
		{2052CCC6-919B-4595-AE31-1AB5D0D4C05D}.Debug|Any CPU.Build.0 = Debug|Any CPU
		{2052CCC6-919B-4595-AE31-1AB5D0D4C05D}.Release|Any CPU.ActiveCfg = Release|Any CPU
		{2052CCC6-919B-4595-AE31-1AB5D0D4C05D}.Release|Any CPU.Build.0 = Release|Any CPU
	EndGlobalSection
	GlobalSection(SolutionProperties) = preSolution
		HideSolutionNode = FALSE
	EndGlobalSection
	GlobalSection(ExtensibilityGlobals) = postSolution
		SolutionGuid = {FD53AFE1-DD80-4CE9-AFA5-550ECDF1A4A9}
	EndGlobalSection
EndGlobal
